
Microsoft Visual Studio Solution File, Format Version 12.00
# Visual Studio 15
VisualStudioVersion = 15.0.28010.2016
MinimumVisualStudioVersion = 10.0.40219.1
Project("{FAE04EC0-301F-11D3-BF4B-00C04F79EFBC}") = "GeneralCableStayedBridge", "GeneralCableStayedBridge\GeneralCableStayedBridge.csproj", "{2C9B4D12-0D90-4E23-B2FB-64F015E74B4B}"
EndProject
Global
	GlobalSection(SolutionConfigurationPlatforms) = preSolution
		Debug|Any CPU = Debug|Any CPU
		Release|Any CPU = Release|Any CPU
	EndGlobalSection
	GlobalSection(ProjectConfigurationPlatforms) = postSolution
		{2C9B4D12-0D90-4E23-B2FB-64F015E74B4B}.Debug|Any CPU.ActiveCfg = Debug|Any CPU
		{2C9B4D12-0D90-4E23-B2FB-64F015E74B4B}.Debug|Any CPU.Build.0 = Debug|Any CPU
		{2C9B4D12-0D90-4E23-B2FB-64F015E74B4B}.Release|Any CPU.ActiveCfg = Release|Any CPU
		{2C9B4D12-0D90-4E23-B2FB-64F015E74B4B}.Release|Any CPU.Build.0 = Release|Any CPU
	EndGlobalSection
	GlobalSection(SolutionProperties) = preSolution
		HideSolutionNode = FALSE
	EndGlobalSection
	GlobalSection(ExtensibilityGlobals) = postSolution
		SolutionGuid = {F083AB63-62A3-4056-A8F2-1049FF3EB6D2}
	EndGlobalSection
EndGlobal
